// !$*UTF8*$!
{
	archiveVersion = 1;
	classes = {
	};
	objectVersion = 46;
	objects = {

/* Begin PBXBuildFile section */
		AB488BC01B3BE9F300EDE752 /* main.m in Sources */ = {isa = PBXBuildFile; fileRef = AB488BBF1B3BE9F300EDE752 /* main.m */; };
		AB488BCE1B3BEAA600EDE752 /* BSGridBlock.m in Sources */ = {isa = PBXBuildFile; fileRef = AB488BC71B3BEAA600EDE752 /* BSGridBlock.m */; };
		AB488BCF1B3BEAA600EDE752 /* BSGridFreeSpace.m in Sources */ = {isa = PBXBuildFile; fileRef = AB488BC91B3BEAA600EDE752 /* BSGridFreeSpace.m */; };
		AB488BD01B3BEAA600EDE752 /* BSGridPosition.m in Sources */ = {isa = PBXBuildFile; fileRef = AB488BCB1B3BEAA600EDE752 /* BSGridPosition.m */; };
		AB488BD11B3BEAA600EDE752 /* BSGridRect.m in Sources */ = {isa = PBXBuildFile; fileRef = AB488BCD1B3BEAA600EDE752 /* BSGridRect.m */; };
		AB6C2BB31B3BED630077E950 /* CoreGraphics.framework in Frameworks */ = {isa = PBXBuildFile; fileRef = AB6C2BB21B3BED630077E950 /* CoreGraphics.framework */; };
		AB6C2BB61B3BFF050077E950 /* BSGridCalculator.m in Sources */ = {isa = PBXBuildFile; fileRef = AB6C2BB51B3BFF050077E950 /* BSGridCalculator.m */; };
/* End PBXBuildFile section */

/* Begin PBXCopyFilesBuildPhase section */
		AB488BBA1B3BE9F300EDE752 /* CopyFiles */ = {
			isa = PBXCopyFilesBuildPhase;
			buildActionMask = 2147483647;
			dstPath = /usr/share/man/man1/;
			dstSubfolderSpec = 0;
			files = (
			);
			runOnlyForDeploymentPostprocessing = 1;
		};
/* End PBXCopyFilesBuildPhase section */

/* Begin PBXFileReference section */
		AB488BBC1B3BE9F300EDE752 /* LogicGridLayout */ = {isa = PBXFileReference; explicitFileType = "compiled.mach-o.executable"; includeInIndex = 0; path = LogicGridLayout; sourceTree = BUILT_PRODUCTS_DIR; };
		AB488BBF1B3BE9F300EDE752 /* main.m */ = {isa = PBXFileReference; lastKnownFileType = sourcecode.c.objc; path = main.m; sourceTree = "<group>"; };
		AB488BC61B3BEAA600EDE752 /* BSGridBlock.h */ = {isa = PBXFileReference; fileEncoding = 4; lastKnownFileType = sourcecode.c.h; path = BSGridBlock.h; sourceTree = "<group>"; };
		AB488BC71B3BEAA600EDE752 /* BSGridBlock.m */ = {isa = PBXFileReference; fileEncoding = 4; lastKnownFileType = sourcecode.c.objc; path = BSGridBlock.m; sourceTree = "<group>"; };
		AB488BC81B3BEAA600EDE752 /* BSGridFreeSpace.h */ = {isa = PBXFileReference; fileEncoding = 4; lastKnownFileType = sourcecode.c.h; path = BSGridFreeSpace.h; sourceTree = "<group>"; };
		AB488BC91B3BEAA600EDE752 /* BSGridFreeSpace.m */ = {isa = PBXFileReference; fileEncoding = 4; lastKnownFileType = sourcecode.c.objc; path = BSGridFreeSpace.m; sourceTree = "<group>"; };
		AB488BCA1B3BEAA600EDE752 /* BSGridPosition.h */ = {isa = PBXFileReference; fileEncoding = 4; lastKnownFileType = sourcecode.c.h; path = BSGridPosition.h; sourceTree = "<group>"; };
		AB488BCB1B3BEAA600EDE752 /* BSGridPosition.m */ = {isa = PBXFileReference; fileEncoding = 4; lastKnownFileType = sourcecode.c.objc; path = BSGridPosition.m; sourceTree = "<group>"; };
		AB488BCC1B3BEAA600EDE752 /* BSGridRect.h */ = {isa = PBXFileReference; fileEncoding = 4; lastKnownFileType = sourcecode.c.h; path = BSGridRect.h; sourceTree = "<group>"; };
		AB488BCD1B3BEAA600EDE752 /* BSGridRect.m */ = {isa = PBXFileReference; fileEncoding = 4; lastKnownFileType = sourcecode.c.objc; path = BSGridRect.m; sourceTree = "<group>"; };
		AB6C2BB21B3BED630077E950 /* CoreGraphics.framework */ = {isa = PBXFileReference; lastKnownFileType = wrapper.framework; name = CoreGraphics.framework; path = System/Library/Frameworks/CoreGraphics.framework; sourceTree = SDKROOT; };
		AB6C2BB41B3BFF050077E950 /* BSGridCalculator.h */ = {isa = PBXFileReference; fileEncoding = 4; lastKnownFileType = sourcecode.c.h; path = BSGridCalculator.h; sourceTree = "<group>"; };
		AB6C2BB51B3BFF050077E950 /* BSGridCalculator.m */ = {isa = PBXFileReference; fileEncoding = 4; lastKnownFileType = sourcecode.c.objc; path = BSGridCalculator.m; sourceTree = "<group>"; };
/* End PBXFileReference section */

/* Begin PBXFrameworksBuildPhase section */
		AB488BB91B3BE9F300EDE752 /* Frameworks */ = {
			isa = PBXFrameworksBuildPhase;
			buildActionMask = 2147483647;
			files = (
				AB6C2BB31B3BED630077E950 /* CoreGraphics.framework in Frameworks */,
			);
			runOnlyForDeploymentPostprocessing = 0;
		};
/* End PBXFrameworksBuildPhase section */

/* Begin PBXGroup section */
		AB488BB31B3BE9F300EDE752 = {
			isa = PBXGroup;
			children = (
				AB6C2BB21B3BED630077E950 /* CoreGraphics.framework */,
				AB488BBE1B3BE9F300EDE752 /* LogicGridLayout */,
				AB488BBD1B3BE9F300EDE752 /* Products */,
			);
			sourceTree = "<group>";
		};
		AB488BBD1B3BE9F300EDE752 /* Products */ = {
			isa = PBXGroup;
			children = (
				AB488BBC1B3BE9F300EDE752 /* LogicGridLayout */,
			);
			name = Products;
			sourceTree = "<group>";
		};
		AB488BBE1B3BE9F300EDE752 /* LogicGridLayout */ = {
			isa = PBXGroup;
			children = (
				AB488BC61B3BEAA600EDE752 /* BSGridBlock.h */,
				AB488BC71B3BEAA600EDE752 /* BSGridBlock.m */,
				AB488BCA1B3BEAA600EDE752 /* BSGridPosition.h */,
				AB488BCB1B3BEAA600EDE752 /* BSGridPosition.m */,
				AB488BCC1B3BEAA600EDE752 /* BSGridRect.h */,
				AB488BCD1B3BEAA600EDE752 /* BSGridRect.m */,
				AB488BC81B3BEAA600EDE752 /* BSGridFreeSpace.h */,
				AB488BC91B3BEAA600EDE752 /* BSGridFreeSpace.m */,
				AB6C2BB41B3BFF050077E950 /* BSGridCalculator.h */,
				AB6C2BB51B3BFF050077E950 /* BSGridCalculator.m */,
				AB488BBF1B3BE9F300EDE752 /* main.m */,
			);
			path = LogicGridLayout;
			sourceTree = "<group>";
		};
/* End PBXGroup section */

/* Begin PBXNativeTarget section */
		AB488BBB1B3BE9F300EDE752 /* LogicGridLayout */ = {
			isa = PBXNativeTarget;
			buildConfigurationList = AB488BC31B3BE9F300EDE752 /* Build configuration list for PBXNativeTarget "LogicGridLayout" */;
			buildPhases = (
				AB488BB81B3BE9F300EDE752 /* Sources */,
				AB488BB91B3BE9F300EDE752 /* Frameworks */,
				AB488BBA1B3BE9F300EDE752 /* CopyFiles */,
			);
			buildRules = (
			);
			dependencies = (
			);
			name = LogicGridLayout;
			productName = LogicGridLayout;
			productReference = AB488BBC1B3BE9F300EDE752 /* LogicGridLayout */;
			productType = "com.apple.product-type.tool";
		};
/* End PBXNativeTarget section */

/* Begin PBXProject section */
		AB488BB41B3BE9F300EDE752 /* Project object */ = {
			isa = PBXProject;
			attributes = {
				CLASSPREFIX = BS;
				LastUpgradeCheck = 0630;
				ORGANIZATIONNAME = "Beauty Sight Network Technology Co.,Ltd";
				TargetAttributes = {
					AB488BBB1B3BE9F300EDE752 = {
						CreatedOnToolsVersion = 6.3.2;
					};
				};
			};
			buildConfigurationList = AB488BB71B3BE9F300EDE752 /* Build configuration list for PBXProject "LogicGridLayout" */;
			compatibilityVersion = "Xcode 3.2";
			developmentRegion = English;
			hasScannedForEncodings = 0;
			knownRegions = (
				en,
			);
			mainGroup = AB488BB31B3BE9F300EDE752;
			productRefGroup = AB488BBD1B3BE9F300EDE752 /* Products */;
			projectDirPath = "";
			projectRoot = "";
			targets = (
				AB488BBB1B3BE9F300EDE752 /* LogicGridLayout */,
			);
		};
/* End PBXProject section */

/* Begin PBXSourcesBuildPhase section */
		AB488BB81B3BE9F300EDE752 /* Sources */ = {
			isa = PBXSourcesBuildPhase;
			buildActionMask = 2147483647;
			files = (
				AB488BCE1B3BEAA600EDE752 /* BSGridBlock.m in Sources */,
				AB488BD11B3BEAA600EDE752 /* BSGridRect.m in Sources */,
				AB488BCF1B3BEAA600EDE752 /* BSGridFreeSpace.m in Sources */,
				AB488BC01B3BE9F300EDE752 /* main.m in Sources */,
				AB6C2BB61B3BFF050077E950 /* BSGridCalculator.m in Sources */,
				AB488BD01B3BEAA600EDE752 /* BSGridPosition.m in Sources */,
			);
			runOnlyForDeploymentPostprocessing = 0;
		};
/* End PBXSourcesBuildPhase section */

/* Begin XCBuildConfiguration section */
		AB488BC11B3BE9F300EDE752 /* Debug */ = {
			isa = XCBuildConfiguration;
			buildSettings = {
				ALWAYS_SEARCH_USER_PATHS = NO;
				CLANG_CXX_LANGUAGE_STANDARD = "gnu++0x";
				CLANG_CXX_LIBRARY = "libc++";
				CLANG_ENABLE_MODULES = YES;
				CLANG_ENABLE_OBJC_ARC = YES;
				CLANG_WARN_BOOL_CONVERSION = YES;
				CLANG_WARN_CONSTANT_CONVERSION = YES;
				CLANG_WARN_DIRECT_OBJC_ISA_USAGE = YES_ERROR;
				CLANG_WARN_EMPTY_BODY = YES;
				CLANG_WARN_ENUM_CONVERSION = YES;
				CLANG_WARN_INT_CONVERSION = YES;
				CLANG_WARN_OBJC_ROOT_CLASS = YES_ERROR;
				CLANG_WARN_UNREACHABLE_CODE = YES;
				CLANG_WARN__DUPLICATE_METHOD_MATCH = YES;
				COPY_PHASE_STRIP = NO;
				DEBUG_INFORMATION_FORMAT = dwarf;
				ENABLE_STRICT_OBJC_MSGSEND = YES;
				GCC_C_LANGUAGE_STANDARD = gnu99;
				GCC_DYNAMIC_NO_PIC = NO;
				GCC_NO_COMMON_BLOCKS = YES;
				GCC_OPTIMIZATION_LEVEL = 0;
				GCC_PREPROCESSOR_DEFINITIONS = (
					"DEBUG=1",
					"$(inherited)",
				);
				GCC_SYMBOLS_PRIVATE_EXTERN = NO;
				GCC_WARN_64_TO_32_BIT_CONVERSION = YES;
				GCC_WARN_ABOUT_RETURN_TYPE = YES_ERROR;
				GCC_WARN_UNDECLARED_SELECTOR = YES;
				GCC_WARN_UNINITIALIZED_AUTOS = YES_AGGRESSIVE;
				GCC_WARN_UNUSED_FUNCTION = YES;
				GCC_WARN_UNUSED_VARIABLE = YES;
				MACOSX_DEPLOYMENT_TARGET = 10.10;
				MTL_ENABLE_DEBUG_INFO = YES;
				ONLY_ACTIVE_ARCH = YES;
				SDKROOT = macosx;
			};
			name = Debug;
		};
		AB488BC21B3BE9F300EDE752 /* Release */ = {
			isa = XCBuildConfiguration;
			buildSettings = {
				ALWAYS_SEARCH_USER_PATHS = NO;
				CLANG_CXX_LANGUAGE_STANDARD = "gnu++0x";
				CLANG_CXX_LIBRARY = "libc++";
				CLANG_ENABLE_MODULES = YES;
				CLANG_ENABLE_OBJC_ARC = YES;
				CLANG_WARN_BOOL_CONVERSION = YES;
				CLANG_WARN_CONSTANT_CONVERSION = YES;
				CLANG_WARN_DIRECT_OBJC_ISA_USAGE = YES_ERROR;
				CLANG_WARN_EMPTY_BODY = YES;
				CLANG_WARN_ENUM_CONVERSION = YES;
				CLANG_WARN_INT_CONVERSION = YES;
				CLANG_WARN_OBJC_ROOT_CLASS = YES_ERROR;
				CLANG_WARN_UNREACHABLE_CODE = YES;
				CLANG_WARN__DUPLICATE_METHOD_MATCH = YES;
				COPY_PHASE_STRIP = NO;
				DEBUG_INFORMATION_FORMAT = "dwarf-with-dsym";
				ENABLE_NS_ASSERTIONS = NO;
				ENABLE_STRICT_OBJC_MSGSEND = YES;
				GCC_C_LANGUAGE_STANDARD = gnu99;
				GCC_NO_COMMON_BLOCKS = YES;
				GCC_WARN_64_TO_32_BIT_CONVERSION = YES;
				GCC_WARN_ABOUT_RETURN_TYPE = YES_ERROR;
				GCC_WARN_UNDECLARED_SELECTOR = YES;
				GCC_WARN_UNINITIALIZED_AUTOS = YES_AGGRESSIVE;
				GCC_WARN_UNUSED_FUNCTION = YES;
				GCC_WARN_UNUSED_VARIABLE = YES;
				MACOSX_DEPLOYMENT_TARGET = 10.10;
				MTL_ENABLE_DEBUG_INFO = NO;
				SDKROOT = macosx;
			};
			name = Release;
		};
		AB488BC41B3BE9F300EDE752 /* Debug */ = {
			isa = XCBuildConfiguration;
			buildSettings = {
				PRODUCT_NAME = "$(TARGET_NAME)";
			};
			name = Debug;
		};
		AB488BC51B3BE9F300EDE752 /* Release */ = {
			isa = XCBuildConfiguration;
			buildSettings = {
				PRODUCT_NAME = "$(TARGET_NAME)";
			};
			name = Release;
		};
/* End XCBuildConfiguration section */

/* Begin XCConfigurationList section */
		AB488BB71B3BE9F300EDE752 /* Build configuration list for PBXProject "LogicGridLayout" */ = {
			isa = XCConfigurationList;
			buildConfigurations = (
				AB488BC11B3BE9F300EDE752 /* Debug */,
				AB488BC21B3BE9F300EDE752 /* Release */,
			);
			defaultConfigurationIsVisible = 0;
			defaultConfigurationName = Release;
		};
		AB488BC31B3BE9F300EDE752 /* Build configuration list for PBXNativeTarget "LogicGridLayout" */ = {
			isa = XCConfigurationList;
			buildConfigurations = (
				AB488BC41B3BE9F300EDE752 /* Debug */,
				AB488BC51B3BE9F300EDE752 /* Release */,
			);
			defaultConfigurationIsVisible = 0;
			defaultConfigurationName = Release;
		};
/* End XCConfigurationList section */
	};
	rootObject = AB488BB41B3BE9F300EDE752 /* Project object */;
}
